
Microsoft Visual Studio Solution File, Format Version 12.00
# Visual Studio 15
VisualStudioVersion = 15.0.26730.12
MinimumVisualStudioVersion = 10.0.40219.1
Project("{FAE04EC0-301F-11D3-BF4B-00C04F79EFBC}") = "ThwargLauncher", "ThwargLauncher\ThwargLauncher.csproj", "{BB684843-D1B1-42D6-A65C-71C57E75E420}"
	ProjectSection(ProjectDependencies) = postProject
		{357BEB06-5599-4E29-A147-309EE255C10A} = {357BEB06-5599-4E29-A147-309EE255C10A}
		{769D993C-2867-4212-BE80-B70E4862EBC5} = {769D993C-2867-4212-BE80-B70E4862EBC5}
	EndProjectSection
EndProject
Project("{FAE04EC0-301F-11D3-BF4B-00C04F79EFBC}") = "ThwargFilter", "ThwargFilter\ThwargFilter.csproj", "{357BEB06-5599-4E29-A147-309EE255C10A}"
EndProject
Project("{FAE04EC0-301F-11D3-BF4B-00C04F79EFBC}") = "Intelli.WPF.Controls", "SubProjects\Intelli.WPF.Controls\Intelli.WPF.Controls.csproj", "{769D993C-2867-4212-BE80-B70E4862EBC5}"
EndProject
Global
	GlobalSection(SolutionConfigurationPlatforms) = preSolution
		CD_ROM|Any CPU = CD_ROM|Any CPU
		Debug|Any CPU = Debug|Any CPU
		DVD-5|Any CPU = DVD-5|Any CPU
		Release|Any CPU = Release|Any CPU
		SingleImage|Any CPU = SingleImage|Any CPU
	EndGlobalSection
	GlobalSection(ProjectConfigurationPlatforms) = postSolution
		{BB684843-D1B1-42D6-A65C-71C57E75E420}.CD_ROM|Any CPU.ActiveCfg = Release|Any CPU
		{BB684843-D1B1-42D6-A65C-71C57E75E420}.CD_ROM|Any CPU.Build.0 = Release|Any CPU
		{BB684843-D1B1-42D6-A65C-71C57E75E420}.Debug|Any CPU.ActiveCfg = Debug|Any CPU
		{BB684843-D1B1-42D6-A65C-71C57E75E420}.Debug|Any CPU.Build.0 = Debug|Any CPU
		{BB684843-D1B1-42D6-A65C-71C57E75E420}.DVD-5|Any CPU.ActiveCfg = Debug|Any CPU
		{BB684843-D1B1-42D6-A65C-71C57E75E420}.DVD-5|Any CPU.Build.0 = Debug|Any CPU
		{BB684843-D1B1-42D6-A65C-71C57E75E420}.Release|Any CPU.ActiveCfg = Release|Any CPU
		{BB684843-D1B1-42D6-A65C-71C57E75E420}.Release|Any CPU.Build.0 = Release|Any CPU
		{BB684843-D1B1-42D6-A65C-71C57E75E420}.SingleImage|Any CPU.ActiveCfg = Release|Any CPU
		{BB684843-D1B1-42D6-A65C-71C57E75E420}.SingleImage|Any CPU.Build.0 = Release|Any CPU
		{357BEB06-5599-4E29-A147-309EE255C10A}.CD_ROM|Any CPU.ActiveCfg = Release|Any CPU
		{357BEB06-5599-4E29-A147-309EE255C10A}.CD_ROM|Any CPU.Build.0 = Release|Any CPU
		{357BEB06-5599-4E29-A147-309EE255C10A}.Debug|Any CPU.ActiveCfg = Debug|Any CPU
		{357BEB06-5599-4E29-A147-309EE255C10A}.Debug|Any CPU.Build.0 = Debug|Any CPU
		{357BEB06-5599-4E29-A147-309EE255C10A}.DVD-5|Any CPU.ActiveCfg = Debug|Any CPU
		{357BEB06-5599-4E29-A147-309EE255C10A}.DVD-5|Any CPU.Build.0 = Debug|Any CPU
		{357BEB06-5599-4E29-A147-309EE255C10A}.Release|Any CPU.ActiveCfg = Release|Any CPU
		{357BEB06-5599-4E29-A147-309EE255C10A}.Release|Any CPU.Build.0 = Release|Any CPU
		{357BEB06-5599-4E29-A147-309EE255C10A}.SingleImage|Any CPU.ActiveCfg = Release|Any CPU
		{357BEB06-5599-4E29-A147-309EE255C10A}.SingleImage|Any CPU.Build.0 = Release|Any CPU
		{769D993C-2867-4212-BE80-B70E4862EBC5}.CD_ROM|Any CPU.ActiveCfg = Release|Any CPU
		{769D993C-2867-4212-BE80-B70E4862EBC5}.CD_ROM|Any CPU.Build.0 = Release|Any CPU
		{769D993C-2867-4212-BE80-B70E4862EBC5}.Debug|Any CPU.ActiveCfg = Debug|Any CPU
		{769D993C-2867-4212-BE80-B70E4862EBC5}.Debug|Any CPU.Build.0 = Debug|Any CPU
		{769D993C-2867-4212-BE80-B70E4862EBC5}.DVD-5|Any CPU.ActiveCfg = Debug|Any CPU
		{769D993C-2867-4212-BE80-B70E4862EBC5}.DVD-5|Any CPU.Build.0 = Debug|Any CPU
		{769D993C-2867-4212-BE80-B70E4862EBC5}.Release|Any CPU.ActiveCfg = Release|Any CPU
		{769D993C-2867-4212-BE80-B70E4862EBC5}.Release|Any CPU.Build.0 = Release|Any CPU
		{769D993C-2867-4212-BE80-B70E4862EBC5}.SingleImage|Any CPU.ActiveCfg = Release|Any CPU
		{769D993C-2867-4212-BE80-B70E4862EBC5}.SingleImage|Any CPU.Build.0 = Release|Any CPU
	EndGlobalSection
	GlobalSection(SolutionProperties) = preSolution
		HideSolutionNode = FALSE
	EndGlobalSection
	GlobalSection(ExtensibilityGlobals) = postSolution
		SolutionGuid = {6F5992F6-25EE-4858-BB20-A0A0ED6CE834}
	EndGlobalSection
EndGlobal
