
Microsoft Visual Studio Solution File, Format Version 12.00
# Visual Studio 2012
Project("{FAE04EC0-301F-11D3-BF4B-00C04F79EFBC}") = "ThwargLauncher", "ThwargLauncher\ThwargLauncher.csproj", "{BB684843-D1B1-42D6-A65C-71C57E75E420}"
EndProject
Project("{6141683F-8A12-4E36-9623-2EB02B2C2303}") = "Installer", "Installer\Installer.isproj", "{591C053A-1187-429B-8EA5-8D295DBD6C80}"
EndProject
Global
	GlobalSection(SolutionConfigurationPlatforms) = preSolution
		CD_ROM|Any CPU = CD_ROM|Any CPU
		Debug|Any CPU = Debug|Any CPU
		DVD-5|Any CPU = DVD-5|Any CPU
		Release|Any CPU = Release|Any CPU
		SingleImage|Any CPU = SingleImage|Any CPU
	EndGlobalSection
	GlobalSection(ProjectConfigurationPlatforms) = postSolution
		{BB684843-D1B1-42D6-A65C-71C57E75E420}.CD_ROM|Any CPU.ActiveCfg = Release|Any CPU
		{BB684843-D1B1-42D6-A65C-71C57E75E420}.CD_ROM|Any CPU.Build.0 = Release|Any CPU
		{BB684843-D1B1-42D6-A65C-71C57E75E420}.Debug|Any CPU.ActiveCfg = Debug|Any CPU
		{BB684843-D1B1-42D6-A65C-71C57E75E420}.Debug|Any CPU.Build.0 = Debug|Any CPU
		{BB684843-D1B1-42D6-A65C-71C57E75E420}.DVD-5|Any CPU.ActiveCfg = Debug|Any CPU
		{BB684843-D1B1-42D6-A65C-71C57E75E420}.DVD-5|Any CPU.Build.0 = Debug|Any CPU
		{BB684843-D1B1-42D6-A65C-71C57E75E420}.Release|Any CPU.ActiveCfg = Release|Any CPU
		{BB684843-D1B1-42D6-A65C-71C57E75E420}.Release|Any CPU.Build.0 = Release|Any CPU
		{BB684843-D1B1-42D6-A65C-71C57E75E420}.SingleImage|Any CPU.ActiveCfg = Release|Any CPU
		{BB684843-D1B1-42D6-A65C-71C57E75E420}.SingleImage|Any CPU.Build.0 = Release|Any CPU
		{591C053A-1187-429B-8EA5-8D295DBD6C80}.CD_ROM|Any CPU.ActiveCfg = CD_ROM
		{591C053A-1187-429B-8EA5-8D295DBD6C80}.CD_ROM|Any CPU.Build.0 = CD_ROM
		{591C053A-1187-429B-8EA5-8D295DBD6C80}.Debug|Any CPU.ActiveCfg = DVD-5
		{591C053A-1187-429B-8EA5-8D295DBD6C80}.Debug|Any CPU.Build.0 = DVD-5
		{591C053A-1187-429B-8EA5-8D295DBD6C80}.DVD-5|Any CPU.ActiveCfg = DVD-5
		{591C053A-1187-429B-8EA5-8D295DBD6C80}.DVD-5|Any CPU.Build.0 = DVD-5
		{591C053A-1187-429B-8EA5-8D295DBD6C80}.Release|Any CPU.ActiveCfg = SingleImage
		{591C053A-1187-429B-8EA5-8D295DBD6C80}.Release|Any CPU.Build.0 = SingleImage
		{591C053A-1187-429B-8EA5-8D295DBD6C80}.SingleImage|Any CPU.ActiveCfg = SingleImage
		{591C053A-1187-429B-8EA5-8D295DBD6C80}.SingleImage|Any CPU.Build.0 = SingleImage
	EndGlobalSection
	GlobalSection(SolutionProperties) = preSolution
		HideSolutionNode = FALSE
	EndGlobalSection
EndGlobal
